
Microsoft Visual Studio Solution File, Format Version 12.00
# Visual Studio Version 16
VisualStudioVersion = 16.0.30907.101
MinimumVisualStudioVersion = 10.0.40219.1
Project("{9A19103F-16F7-4668-BE54-9A1E7A4F7556}") = "WepApi", "WepApi\WepApi.csproj", "{239D7035-7B5F-4CBE-88D4-F89B6A63C17E}"
EndProject
Project("{9A19103F-16F7-4668-BE54-9A1E7A4F7556}") = "SharedLibrary", "SharedLibrary\SharedLibrary.csproj", "{064B2AB9-A501-445E-8BE9-70CA6463B518}"
EndProject
Project("{FAE04EC0-301F-11D3-BF4B-00C04F79EFBC}") = "BlazorApp", "BlazorApp\BlazorApp.csproj", "{36367554-2BEC-428E-A662-8A8A3A23BD84}"
EndProject
Global
	GlobalSection(SolutionConfigurationPlatforms) = preSolution
		Debug|Any CPU = Debug|Any CPU
		Release|Any CPU = Release|Any CPU
	EndGlobalSection
	GlobalSection(ProjectConfigurationPlatforms) = postSolution
		{239D7035-7B5F-4CBE-88D4-F89B6A63C17E}.Debug|Any CPU.ActiveCfg = Debug|Any CPU
		{239D7035-7B5F-4CBE-88D4-F89B6A63C17E}.Debug|Any CPU.Build.0 = Debug|Any CPU
		{239D7035-7B5F-4CBE-88D4-F89B6A63C17E}.Release|Any CPU.ActiveCfg = Release|Any CPU
		{239D7035-7B5F-4CBE-88D4-F89B6A63C17E}.Release|Any CPU.Build.0 = Release|Any CPU
		{064B2AB9-A501-445E-8BE9-70CA6463B518}.Debug|Any CPU.ActiveCfg = Debug|Any CPU
		{064B2AB9-A501-445E-8BE9-70CA6463B518}.Debug|Any CPU.Build.0 = Debug|Any CPU
		{064B2AB9-A501-445E-8BE9-70CA6463B518}.Release|Any CPU.ActiveCfg = Release|Any CPU
		{064B2AB9-A501-445E-8BE9-70CA6463B518}.Release|Any CPU.Build.0 = Release|Any CPU
		{36367554-2BEC-428E-A662-8A8A3A23BD84}.Debug|Any CPU.ActiveCfg = Debug|Any CPU
		{36367554-2BEC-428E-A662-8A8A3A23BD84}.Debug|Any CPU.Build.0 = Debug|Any CPU
		{36367554-2BEC-428E-A662-8A8A3A23BD84}.Release|Any CPU.ActiveCfg = Release|Any CPU
		{36367554-2BEC-428E-A662-8A8A3A23BD84}.Release|Any CPU.Build.0 = Release|Any CPU
	EndGlobalSection
	GlobalSection(SolutionProperties) = preSolution
		HideSolutionNode = FALSE
	EndGlobalSection
	GlobalSection(ExtensibilityGlobals) = postSolution
		SolutionGuid = {8696A952-B7B4-4B55-8203-CC81D3B7699A}
	EndGlobalSection
EndGlobal
